
Microsoft Visual Studio Solution File, Format Version 11.00
# Visual C++ Express 2010
Project("{6a0e7c42-49c9-4dd5-b148-bec990416d99}") = "dmake/dmake", "dmake/dmake.cproj", "{d4df05a5-f32b-4c27-bd6a-aaf24429ab21}"
	ProjectSection(ProjectDependencies) = postProject
	EndProjectSection
EndProject
Global
	GlobalSection(SolutionConfigurationPlatforms) = preSolution
		Debug|Any CPU = Debug|Any CPU
		Release|Any CPU = Release|Any CPU
	EndGlobalSection
EndGlobal
