
Microsoft Visual Studio Solution File, Format Version 11.00
# Visual C++ Express 2010
Project("{96f2e1bb-3667-447c-9011-89502d7dfe57}") = "dmake", "dmake.cproj", "{bfa0da65-7d46-47f0-a5b3-b030553975f6}"
EndProject
Global
	GlobalSection(SolutionConfigurationPlatforms) = preSolution
		Debug|Any CPU = Debug|Any CPU
		Release|Any CPU = Release|Any CPU
	EndGlobalSection
EndGlobal
