
Microsoft Visual Studio Solution File, Format Version 11.00
# Visual C++ Express 2010
Project("{f6fab0fa-cba2-4a18-9462-bad1b936a0cd}") = "dmake/dmake", "dmake/dmake.vcxproj", "{6a42c37d-7567-4736-a2fd-1597abb6a160}"
	ProjectSection(ProjectDependencies) = postProject
	EndProjectSection
EndProject
Global
	GlobalSection(SolutionConfigurationPlatforms) = preSolution
		Debug|Win32 = Debug|Win32
		Release|Win32 = Release|Win32
	EndGlobalSection
EndGlobal
