
Microsoft Visual Studio Solution File, Format Version 11.00
# Visual C++ Express 2010
Project("{a926a043-70a0-4432-a1da-c190274ead36}") = "dmake", "dmake.vcxproj", "{f6e43db3-4924-46f5-9862-ffd6e6e2e3a8}"
EndProject
Global
	GlobalSection(SolutionConfigurationPlatforms) = preSolution
		Debug|Win32 = Debug|Win32
		Release|Win32 = Release|Win32
	EndGlobalSection
EndGlobal
